
Microsoft Visual Studio Solution File, Format Version 12.00
# Visual Studio Version 17
VisualStudioVersion = 17.0.31903.59
MinimumVisualStudioVersion = 10.0.40219.1
Project("{FAE04EC0-301F-11D3-BF4B-00C04F79EFBC}") = "WEB_253505_AZAROV.UI", "WEB_253505_AZAROV.UI\WEB_253505_AZAROV.UI.csproj", "{E2EE4CA7-4CCE-4EF2-9C8C-64F8BBA6A10C}"
EndProject
Project("{FAE04EC0-301F-11D3-BF4B-00C04F79EFBC}") = "WEB_253505_AZAROV.Domain", "WEB_253505_AZAROV.Domain\WEB_253505_AZAROV.Domain.csproj", "{BC81AA4E-99CA-482C-8B78-2A044F7D7FED}"
EndProject
Project("{FAE04EC0-301F-11D3-BF4B-00C04F79EFBC}") = "WEB_253505_AZAROV.API", "WEB_253505_AZAROV.API\WEB_253505_AZAROV.API.csproj", "{DADBCBB1-BB50-41FC-B334-698766090454}"
EndProject
Project("{FAE04EC0-301F-11D3-BF4B-00C04F79EFBC}") = "WEB_253505_AZAROV.Tests", "WEB_253505_AZAROV.Tests\WEB_253505_AZAROV.Tests.csproj", "{676ACBE4-D732-4134-B416-9950A736F3F8}"
EndProject
Project("{FAE04EC0-301F-11D3-BF4B-00C04F79EFBC}") = "WEB_253505_AZAROV.Blazor.SSR", "WEB_253505_AZAROV.Blazor.SSR\WEB_253505_AZAROV.Blazor.SSR.csproj", "{E4692FF9-C0FB-4595-8512-B074CC2E8656}"
EndProject
Global
	GlobalSection(SolutionConfigurationPlatforms) = preSolution
		Debug|Any CPU = Debug|Any CPU
		Release|Any CPU = Release|Any CPU
	EndGlobalSection
	GlobalSection(SolutionProperties) = preSolution
		HideSolutionNode = FALSE
	EndGlobalSection
	GlobalSection(ProjectConfigurationPlatforms) = postSolution
		{E2EE4CA7-4CCE-4EF2-9C8C-64F8BBA6A10C}.Debug|Any CPU.ActiveCfg = Debug|Any CPU
		{E2EE4CA7-4CCE-4EF2-9C8C-64F8BBA6A10C}.Debug|Any CPU.Build.0 = Debug|Any CPU
		{E2EE4CA7-4CCE-4EF2-9C8C-64F8BBA6A10C}.Release|Any CPU.ActiveCfg = Release|Any CPU
		{E2EE4CA7-4CCE-4EF2-9C8C-64F8BBA6A10C}.Release|Any CPU.Build.0 = Release|Any CPU
		{BC81AA4E-99CA-482C-8B78-2A044F7D7FED}.Debug|Any CPU.ActiveCfg = Debug|Any CPU
		{BC81AA4E-99CA-482C-8B78-2A044F7D7FED}.Debug|Any CPU.Build.0 = Debug|Any CPU
		{BC81AA4E-99CA-482C-8B78-2A044F7D7FED}.Release|Any CPU.ActiveCfg = Release|Any CPU
		{BC81AA4E-99CA-482C-8B78-2A044F7D7FED}.Release|Any CPU.Build.0 = Release|Any CPU
		{DADBCBB1-BB50-41FC-B334-698766090454}.Debug|Any CPU.ActiveCfg = Debug|Any CPU
		{DADBCBB1-BB50-41FC-B334-698766090454}.Debug|Any CPU.Build.0 = Debug|Any CPU
		{DADBCBB1-BB50-41FC-B334-698766090454}.Release|Any CPU.ActiveCfg = Release|Any CPU
		{DADBCBB1-BB50-41FC-B334-698766090454}.Release|Any CPU.Build.0 = Release|Any CPU
		{676ACBE4-D732-4134-B416-9950A736F3F8}.Debug|Any CPU.ActiveCfg = Debug|Any CPU
		{676ACBE4-D732-4134-B416-9950A736F3F8}.Debug|Any CPU.Build.0 = Debug|Any CPU
		{676ACBE4-D732-4134-B416-9950A736F3F8}.Release|Any CPU.ActiveCfg = Release|Any CPU
		{676ACBE4-D732-4134-B416-9950A736F3F8}.Release|Any CPU.Build.0 = Release|Any CPU
		{E4692FF9-C0FB-4595-8512-B074CC2E8656}.Debug|Any CPU.ActiveCfg = Debug|Any CPU
		{E4692FF9-C0FB-4595-8512-B074CC2E8656}.Debug|Any CPU.Build.0 = Debug|Any CPU
		{E4692FF9-C0FB-4595-8512-B074CC2E8656}.Release|Any CPU.ActiveCfg = Release|Any CPU
		{E4692FF9-C0FB-4595-8512-B074CC2E8656}.Release|Any CPU.Build.0 = Release|Any CPU
	EndGlobalSection
EndGlobal
